# This file is automatically @generated by Poetry 1.8.3 and should not be changed by hand.

[[package]]
name = "colorama"
version = "0.4.6"
description = "Cross-platform colored terminal text."
optional = false
python-versions = "!=3.0.*,!=3.1.*,!=3.2.*,!=3.3.*,!=3.4.*,!=3.5.*,!=3.6.*,>=2.7"
files = [
    {file = "colorama-0.4.6-py2.py3-none-any.whl", hash = "sha256:4f1d9991f5acc0ca119f9d443620b77f9d6b33703e51011c16baf57afb285fc6"},
    {file = "colorama-0.4.6.tar.gz", hash = "sha256:08695f5cb7ed6e0531a20572697297273c47b8cae5a63ffc6d6ed5c201be6e44"},
]

[[package]]
name = "coverage"
version = "7.5.4"
description = "Code coverage measurement for Python"
optional = false
python-versions = ">=3.8"
files = [
    {file = "coverage-7.5.4-cp310-cp310-macosx_10_9_x86_64.whl", hash = "sha256:6cfb5a4f556bb51aba274588200a46e4dd6b505fb1a5f8c5ae408222eb416f99"},
    {file = "coverage-7.5.4-cp310-cp310-macosx_11_0_arm64.whl", hash = "sha256:2174e7c23e0a454ffe12267a10732c273243b4f2d50d07544a91198f05c48f47"},
    {file = "coverage-7.5.4-cp310-cp310-manylinux_2_17_aarch64.manylinux2014_aarch64.whl", hash = "sha256:2214ee920787d85db1b6a0bd9da5f8503ccc8fcd5814d90796c2f2493a2f4d2e"},
    {file = "coverage-7.5.4-cp310-cp310-manylinux_2_5_i686.manylinux1_i686.manylinux_2_17_i686.manylinux2014_i686.whl", hash = "sha256:1137f46adb28e3813dec8c01fefadcb8c614f33576f672962e323b5128d9a68d"},
    {file = "coverage-7.5.4-cp310-cp310-manylinux_2_5_x86_64.manylinux1_x86_64.manylinux_2_17_x86_64.manylinux2014_x86_64.whl", hash = "sha256:b385d49609f8e9efc885790a5a0e89f2e3ae042cdf12958b6034cc442de428d3"},
    {file = "coverage-7.5.4-cp310-cp310-musllinux_1_2_aarch64.whl", hash = "sha256:b4a474f799456e0eb46d78ab07303286a84a3140e9700b9e154cfebc8f527016"},
    {file = "coverage-7.5.4-cp310-cp310-musllinux_1_2_i686.whl", hash = "sha256:5cd64adedf3be66f8ccee418473c2916492d53cbafbfcff851cbec5a8454b136"},
    {file = "coverage-7.5.4-cp310-cp310-musllinux_1_2_x86_64.whl", hash = "sha256:e564c2cf45d2f44a9da56f4e3a26b2236504a496eb4cb0ca7221cd4cc7a9aca9"},
    {file = "coverage-7.5.4-cp310-cp310-win32.whl", hash = "sha256:7076b4b3a5f6d2b5d7f1185fde25b1e54eb66e647a1dfef0e2c2bfaf9b4c88c8"},
    {file = "coverage-7.5.4-cp310-cp310-win_amd64.whl", hash = "sha256:018a12985185038a5b2bcafab04ab833a9a0f2c59995b3cec07e10074c78635f"},
    {file = "coverage-7.5.4-cp311-cp311-macosx_10_9_x86_64.whl", hash = "sha256:db14f552ac38f10758ad14dd7b983dbab424e731588d300c7db25b6f89e335b5"},
    {file = "coverage-7.5.4-cp311-cp311-macosx_11_0_arm64.whl", hash = "sha256:3257fdd8e574805f27bb5342b77bc65578e98cbc004a92232106344053f319ba"},
    {file = "coverage-7.5.4-cp311-cp311-manylinux_2_17_aarch64.manylinux2014_aarch64.whl", hash = "sha256:3a6612c99081d8d6134005b1354191e103ec9705d7ba2754e848211ac8cacc6b"},
    {file = "coverage-7.5.4-cp311-cp311-manylinux_2_5_i686.manylinux1_i686.manylinux_2_17_i686.manylinux2014_i686.whl", hash = "sha256:d45d3cbd94159c468b9b8c5a556e3f6b81a8d1af2a92b77320e887c3e7a5d080"},
    {file = "coverage-7.5.4-cp311-cp311-manylinux_2_5_x86_64.manylinux1_x86_64.manylinux_2_17_x86_64.manylinux2014_x86_64.whl", hash = "sha256:ed550e7442f278af76d9d65af48069f1fb84c9f745ae249c1a183c1e9d1b025c"},
    {file = "coverage-7.5.4-cp311-cp311-musllinux_1_2_aarch64.whl", hash = "sha256:7a892be37ca35eb5019ec85402c3371b0f7cda5ab5056023a7f13da0961e60da"},
    {file = "coverage-7.5.4-cp311-cp311-musllinux_1_2_i686.whl", hash = "sha256:8192794d120167e2a64721d88dbd688584675e86e15d0569599257566dec9bf0"},
    {file = "coverage-7.5.4-cp311-cp311-musllinux_1_2_x86_64.whl", hash = "sha256:820bc841faa502e727a48311948e0461132a9c8baa42f6b2b84a29ced24cc078"},
    {file = "coverage-7.5.4-cp311-cp311-win32.whl", hash = "sha256:6aae5cce399a0f065da65c7bb1e8abd5c7a3043da9dceb429ebe1b289bc07806"},
    {file = "coverage-7.5.4-cp311-cp311-win_amd64.whl", hash = "sha256:d2e344d6adc8ef81c5a233d3a57b3c7d5181f40e79e05e1c143da143ccb6377d"},
    {file = "coverage-7.5.4-cp312-cp312-macosx_10_9_x86_64.whl", hash = "sha256:54317c2b806354cbb2dc7ac27e2b93f97096912cc16b18289c5d4e44fc663233"},
    {file = "coverage-7.5.4-cp312-cp312-macosx_11_0_arm64.whl", hash = "sha256:042183de01f8b6d531e10c197f7f0315a61e8d805ab29c5f7b51a01d62782747"},
    {file = "coverage-7.5.4-cp312-cp312-manylinux_2_17_aarch64.manylinux2014_aarch64.whl", hash = "sha256:a6bb74ed465d5fb204b2ec41d79bcd28afccf817de721e8a807d5141c3426638"},
    {file = "coverage-7.5.4-cp312-cp312-manylinux_2_5_i686.manylinux1_i686.manylinux_2_17_i686.manylinux2014_i686.whl", hash = "sha256:b3d45ff86efb129c599a3b287ae2e44c1e281ae0f9a9bad0edc202179bcc3a2e"},
    {file = "coverage-7.5.4-cp312-cp312-manylinux_2_5_x86_64.manylinux1_x86_64.manylinux_2_17_x86_64.manylinux2014_x86_64.whl", hash = "sha256:5013ed890dc917cef2c9f765c4c6a8ae9df983cd60dbb635df8ed9f4ebc9f555"},
    {file = "coverage-7.5.4-cp312-cp312-musllinux_1_2_aarch64.whl", hash = "sha256:1014fbf665fef86cdfd6cb5b7371496ce35e4d2a00cda501cf9f5b9e6fced69f"},
    {file = "coverage-7.5.4-cp312-cp312-musllinux_1_2_i686.whl", hash = "sha256:3684bc2ff328f935981847082ba4fdc950d58906a40eafa93510d1b54c08a66c"},
    {file = "coverage-7.5.4-cp312-cp312-musllinux_1_2_x86_64.whl", hash = "sha256:581ea96f92bf71a5ec0974001f900db495488434a6928a2ca7f01eee20c23805"},
    {file = "coverage-7.5.4-cp312-cp312-win32.whl", hash = "sha256:73ca8fbc5bc622e54627314c1a6f1dfdd8db69788f3443e752c215f29fa87a0b"},
    {file = "coverage-7.5.4-cp312-cp312-win_amd64.whl", hash = "sha256:cef4649ec906ea7ea5e9e796e68b987f83fa9a718514fe147f538cfeda76d7a7"},
    {file = "coverage-7.5.4-cp38-cp38-macosx_10_9_x86_64.whl", hash = "sha256:cdd31315fc20868c194130de9ee6bfd99755cc9565edff98ecc12585b90be882"},
    {file = "coverage-7.5.4-cp38-cp38-macosx_11_0_arm64.whl", hash = "sha256:02ff6e898197cc1e9fa375581382b72498eb2e6d5fc0b53f03e496cfee3fac6d"},
    {file = "coverage-7.5.4-cp38-cp38-manylinux_2_17_aarch64.manylinux2014_aarch64.whl", hash = "sha256:d05c16cf4b4c2fc880cb12ba4c9b526e9e5d5bb1d81313d4d732a5b9fe2b9d53"},
    {file = "coverage-7.5.4-cp38-cp38-manylinux_2_5_i686.manylinux1_i686.manylinux_2_17_i686.manylinux2014_i686.whl", hash = "sha256:c5986ee7ea0795a4095ac4d113cbb3448601efca7f158ec7f7087a6c705304e4"},
    {file = "coverage-7.5.4-cp38-cp38-manylinux_2_5_x86_64.manylinux1_x86_64.manylinux_2_17_x86_64.manylinux2014_x86_64.whl", hash = "sha256:5df54843b88901fdc2f598ac06737f03d71168fd1175728054c8f5a2739ac3e4"},
    {file = "coverage-7.5.4-cp38-cp38-musllinux_1_2_aarch64.whl", hash = "sha256:ab73b35e8d109bffbda9a3e91c64e29fe26e03e49addf5b43d85fc426dde11f9"},
    {file = "coverage-7.5.4-cp38-cp38-musllinux_1_2_i686.whl", hash = "sha256:aea072a941b033813f5e4814541fc265a5c12ed9720daef11ca516aeacd3bd7f"},
    {file = "coverage-7.5.4-cp38-cp38-musllinux_1_2_x86_64.whl", hash = "sha256:16852febd96acd953b0d55fc842ce2dac1710f26729b31c80b940b9afcd9896f"},
    {file = "coverage-7.5.4-cp38-cp38-win32.whl", hash = "sha256:8f894208794b164e6bd4bba61fc98bf6b06be4d390cf2daacfa6eca0a6d2bb4f"},
    {file = "coverage-7.5.4-cp38-cp38-win_amd64.whl", hash = "sha256:e2afe743289273209c992075a5a4913e8d007d569a406ffed0bd080ea02b0633"},
    {file = "coverage-7.5.4-cp39-cp39-macosx_10_9_x86_64.whl", hash = "sha256:b95c3a8cb0463ba9f77383d0fa8c9194cf91f64445a63fc26fb2327e1e1eb088"},
    {file = "coverage-7.5.4-cp39-cp39-macosx_11_0_arm64.whl", hash = "sha256:3d7564cc09dd91b5a6001754a5b3c6ecc4aba6323baf33a12bd751036c998be4"},
    {file = "coverage-7.5.4-cp39-cp39-manylinux_2_17_aarch64.manylinux2014_aarch64.whl", hash = "sha256:44da56a2589b684813f86d07597fdf8a9c6ce77f58976727329272f5a01f99f7"},
    {file = "coverage-7.5.4-cp39-cp39-manylinux_2_5_i686.manylinux1_i686.manylinux_2_17_i686.manylinux2014_i686.whl", hash = "sha256:e16f3d6b491c48c5ae726308e6ab1e18ee830b4cdd6913f2d7f77354b33f91c8"},
    {file = "coverage-7.5.4-cp39-cp39-manylinux_2_5_x86_64.manylinux1_x86_64.manylinux_2_17_x86_64.manylinux2014_x86_64.whl", hash = "sha256:dbc5958cb471e5a5af41b0ddaea96a37e74ed289535e8deca404811f6cb0bc3d"},
    {file = "coverage-7.5.4-cp39-cp39-musllinux_1_2_aarch64.whl", hash = "sha256:a04e990a2a41740b02d6182b498ee9796cf60eefe40cf859b016650147908029"},
    {file = "coverage-7.5.4-cp39-cp39-musllinux_1_2_i686.whl", hash = "sha256:ddbd2f9713a79e8e7242d7c51f1929611e991d855f414ca9996c20e44a895f7c"},
    {file = "coverage-7.5.4-cp39-cp39-musllinux_1_2_x86_64.whl", hash = "sha256:b1ccf5e728ccf83acd313c89f07c22d70d6c375a9c6f339233dcf792094bcbf7"},
    {file = "coverage-7.5.4-cp39-cp39-win32.whl", hash = "sha256:56b4eafa21c6c175b3ede004ca12c653a88b6f922494b023aeb1e836df953ace"},
    {file = "coverage-7.5.4-cp39-cp39-win_amd64.whl", hash = "sha256:65e528e2e921ba8fd67d9055e6b9f9e34b21ebd6768ae1c1723f4ea6ace1234d"},
    {file = "coverage-7.5.4-pp38.pp39.pp310-none-any.whl", hash = "sha256:79b356f3dd5b26f3ad23b35c75dbdaf1f9e2450b6bcefc6d0825ea0aa3f86ca5"},
    {file = "coverage-7.5.4.tar.gz", hash = "sha256:a44963520b069e12789d0faea4e9fdb1e410cdc4aab89d94f7f55cbb7fef0353"},
]

[package.extras]
toml = ["tomli"]

[[package]]
name = "exceptiongroup"
version = "1.2.1"
description = "Backport of PEP 654 (exception groups)"
optional = false
python-versions = ">=3.7"
files = [
    {file = "exceptiongroup-1.2.1-py3-none-any.whl", hash = "sha256:5258b9ed329c5bbdd31a309f53cbfb0b155341807f6ff7606a1e801a891b29ad"},
    {file = "exceptiongroup-1.2.1.tar.gz", hash = "sha256:a4785e48b045528f5bfe627b6ad554ff32def154f42372786903b7abcfe1aa16"},
]

[package.extras]
test = ["pytest (>=6)"]

[[package]]
name = "iniconfig"
version = "2.0.0"
description = "brain-dead simple config-ini parsing"
optional = false
python-versions = ">=3.7"
files = [
    {file = "iniconfig-2.0.0-py3-none-any.whl", hash = "sha256:b6a85871a79d2e3b22d2d1b94ac2824226a63c6b741c88f7ae975f18b6778374"},
    {file = "iniconfig-2.0.0.tar.gz", hash = "sha256:2d91e135bf72d31a410b17c16da610a82cb55f6b0477d1a902134b24a455b8b3"},
]

[[package]]
name = "mypy"
version = "1.10.0"
description = "Optional static typing for Python"
optional = false
python-versions = ">=3.8"
files = [
    {file = "mypy-1.10.0-cp310-cp310-macosx_10_9_x86_64.whl", hash = "sha256:da1cbf08fb3b851ab3b9523a884c232774008267b1f83371ace57f412fe308c2"},
    {file = "mypy-1.10.0-cp310-cp310-macosx_11_0_arm64.whl", hash = "sha256:12b6bfc1b1a66095ab413160a6e520e1dc076a28f3e22f7fb25ba3b000b4ef99"},
    {file = "mypy-1.10.0-cp310-cp310-manylinux_2_17_x86_64.manylinux2014_x86_64.whl", hash = "sha256:9e36fb078cce9904c7989b9693e41cb9711e0600139ce3970c6ef814b6ebc2b2"},
    {file = "mypy-1.10.0-cp310-cp310-musllinux_1_1_x86_64.whl", hash = "sha256:2b0695d605ddcd3eb2f736cd8b4e388288c21e7de85001e9f85df9187f2b50f9"},
    {file = "mypy-1.10.0-cp310-cp310-win_amd64.whl", hash = "sha256:cd777b780312ddb135bceb9bc8722a73ec95e042f911cc279e2ec3c667076051"},
    {file = "mypy-1.10.0-cp311-cp311-macosx_10_9_x86_64.whl", hash = "sha256:3be66771aa5c97602f382230165b856c231d1277c511c9a8dd058be4784472e1"},
    {file = "mypy-1.10.0-cp311-cp311-macosx_11_0_arm64.whl", hash = "sha256:8b2cbaca148d0754a54d44121b5825ae71868c7592a53b7292eeb0f3fdae95ee"},
    {file = "mypy-1.10.0-cp311-cp311-manylinux_2_17_x86_64.manylinux2014_x86_64.whl", hash = "sha256:1ec404a7cbe9fc0e92cb0e67f55ce0c025014e26d33e54d9e506a0f2d07fe5de"},
    {file = "mypy-1.10.0-cp311-cp311-musllinux_1_1_x86_64.whl", hash = "sha256:e22e1527dc3d4aa94311d246b59e47f6455b8729f4968765ac1eacf9a4760bc7"},
    {file = "mypy-1.10.0-cp311-cp311-win_amd64.whl", hash = "sha256:a87dbfa85971e8d59c9cc1fcf534efe664d8949e4c0b6b44e8ca548e746a8d53"},
    {file = "mypy-1.10.0-cp312-cp312-macosx_10_9_x86_64.whl", hash = "sha256:a781f6ad4bab20eef8b65174a57e5203f4be627b46291f4589879bf4e257b97b"},
    {file = "mypy-1.10.0-cp312-cp312-macosx_11_0_arm64.whl", hash = "sha256:b808e12113505b97d9023b0b5e0c0705a90571c6feefc6f215c1df9381256e30"},
    {file = "mypy-1.10.0-cp312-cp312-manylinux_2_17_x86_64.manylinux2014_x86_64.whl", hash = "sha256:8f55583b12156c399dce2df7d16f8a5095291354f1e839c252ec6c0611e86e2e"},
    {file = "mypy-1.10.0-cp312-cp312-musllinux_1_1_x86_64.whl", hash = "sha256:4cf18f9d0efa1b16478c4c129eabec36148032575391095f73cae2e722fcf9d5"},
    {file = "mypy-1.10.0-cp312-cp312-win_amd64.whl", hash = "sha256:bc6ac273b23c6b82da3bb25f4136c4fd42665f17f2cd850771cb600bdd2ebeda"},
    {file = "mypy-1.10.0-cp38-cp38-macosx_10_9_x86_64.whl", hash = "sha256:9fd50226364cd2737351c79807775136b0abe084433b55b2e29181a4c3c878c0"},
    {file = "mypy-1.10.0-cp38-cp38-macosx_11_0_arm64.whl", hash = "sha256:f90cff89eea89273727d8783fef5d4a934be2fdca11b47def50cf5d311aff727"},
    {file = "mypy-1.10.0-cp38-cp38-manylinux_2_17_x86_64.manylinux2014_x86_64.whl", hash = "sha256:fcfc70599efde5c67862a07a1aaf50e55bce629ace26bb19dc17cece5dd31ca4"},
    {file = "mypy-1.10.0-cp38-cp38-musllinux_1_1_x86_64.whl", hash = "sha256:075cbf81f3e134eadaf247de187bd604748171d6b79736fa9b6c9685b4083061"},
    {file = "mypy-1.10.0-cp38-cp38-win_amd64.whl", hash = "sha256:3f298531bca95ff615b6e9f2fc0333aae27fa48052903a0ac90215021cdcfa4f"},
    {file = "mypy-1.10.0-cp39-cp39-macosx_10_9_x86_64.whl", hash = "sha256:fa7ef5244615a2523b56c034becde4e9e3f9b034854c93639adb667ec9ec2976"},
    {file = "mypy-1.10.0-cp39-cp39-macosx_11_0_arm64.whl", hash = "sha256:3236a4c8f535a0631f85f5fcdffba71c7feeef76a6002fcba7c1a8e57c8be1ec"},
    {file = "mypy-1.10.0-cp39-cp39-manylinux_2_17_x86_64.manylinux2014_x86_64.whl", hash = "sha256:4a2b5cdbb5dd35aa08ea9114436e0d79aceb2f38e32c21684dcf8e24e1e92821"},
    {file = "mypy-1.10.0-cp39-cp39-musllinux_1_1_x86_64.whl", hash = "sha256:92f93b21c0fe73dc00abf91022234c79d793318b8a96faac147cd579c1671746"},
    {file = "mypy-1.10.0-cp39-cp39-win_amd64.whl", hash = "sha256:28d0e038361b45f099cc086d9dd99c15ff14d0188f44ac883010e172ce86c38a"},
    {file = "mypy-1.10.0-py3-none-any.whl", hash = "sha256:f8c083976eb530019175aabadb60921e73b4f45736760826aa1689dda8208aee"},
    {file = "mypy-1.10.0.tar.gz", hash = "sha256:3d087fcbec056c4ee34974da493a826ce316947485cef3901f511848e687c131"},
]

[package.dependencies]
mypy-extensions = ">=1.0.0"
tomli = {version = ">=1.1.0", markers = "python_version < \"3.11\""}
typing-extensions = ">=4.1.0"

[package.extras]
dmypy = ["psutil (>=4.0)"]
install-types = ["pip"]
mypyc = ["setuptools (>=50)"]
reports = ["lxml"]

[[package]]
name = "mypy-extensions"
version = "1.0.0"
description = "Type system extensions for programs checked with the mypy type checker."
optional = false
python-versions = ">=3.5"
files = [
    {file = "mypy_extensions-1.0.0-py3-none-any.whl", hash = "sha256:4392f6c0eb8a5668a69e23d168ffa70f0be9ccfd32b5cc2d26a34ae5b844552d"},
    {file = "mypy_extensions-1.0.0.tar.gz", hash = "sha256:75dbf8955dc00442a438fc4d0666508a9a97b6bd41aa2f0ffe9d2f2725af0782"},
]

[[package]]
name = "packaging"
version = "24.1"
description = "Core utilities for Python packages"
optional = false
python-versions = ">=3.8"
files = [
    {file = "packaging-24.1-py3-none-any.whl", hash = "sha256:5b8f2217dbdbd2f7f384c41c628544e6d52f2d0f53c6d0c3ea61aa5d1d7ff124"},
    {file = "packaging-24.1.tar.gz", hash = "sha256:026ed72c8ed3fcce5bf8950572258698927fd1dbda10a5e981cdf0ac37f4f002"},
]

[[package]]
name = "pillow"
version = "10.3.0"
description = "Python Imaging Library (Fork)"
optional = false
python-versions = ">=3.8"
files = [
    {file = "pillow-10.3.0-cp310-cp310-macosx_10_10_x86_64.whl", hash = "sha256:90b9e29824800e90c84e4022dd5cc16eb2d9605ee13f05d47641eb183cd73d45"},
    {file = "pillow-10.3.0-cp310-cp310-macosx_11_0_arm64.whl", hash = "sha256:a2c405445c79c3f5a124573a051062300936b0281fee57637e706453e452746c"},
    {file = "pillow-10.3.0-cp310-cp310-manylinux_2_17_aarch64.manylinux2014_aarch64.whl", hash = "sha256:78618cdbccaa74d3f88d0ad6cb8ac3007f1a6fa5c6f19af64b55ca170bfa1edf"},
    {file = "pillow-10.3.0-cp310-cp310-manylinux_2_17_x86_64.manylinux2014_x86_64.whl", hash = "sha256:261ddb7ca91fcf71757979534fb4c128448b5b4c55cb6152d280312062f69599"},
    {file = "pillow-10.3.0-cp310-cp310-manylinux_2_28_aarch64.whl", hash = "sha256:ce49c67f4ea0609933d01c0731b34b8695a7a748d6c8d186f95e7d085d2fe475"},
    {file = "pillow-10.3.0-cp310-cp310-manylinux_2_28_x86_64.whl", hash = "sha256:b14f16f94cbc61215115b9b1236f9c18403c15dd3c52cf629072afa9d54c1cbf"},
    {file = "pillow-10.3.0-cp310-cp310-musllinux_1_1_aarch64.whl", hash = "sha256:d33891be6df59d93df4d846640f0e46f1a807339f09e79a8040bc887bdcd7ed3"},
    {file = "pillow-10.3.0-cp310-cp310-musllinux_1_1_x86_64.whl", hash = "sha256:b50811d664d392f02f7761621303eba9d1b056fb1868c8cdf4231279645c25f5"},
    {file = "pillow-10.3.0-cp310-cp310-win32.whl", hash = "sha256:ca2870d5d10d8726a27396d3ca4cf7976cec0f3cb706debe88e3a5bd4610f7d2"},
    {file = "pillow-10.3.0-cp310-cp310-win_amd64.whl", hash = "sha256:f0d0591a0aeaefdaf9a5e545e7485f89910c977087e7de2b6c388aec32011e9f"},
    {file = "pillow-10.3.0-cp310-cp310-win_arm64.whl", hash = "sha256:ccce24b7ad89adb5a1e34a6ba96ac2530046763912806ad4c247356a8f33a67b"},
    {file = "pillow-10.3.0-cp311-cp311-macosx_10_10_x86_64.whl", hash = "sha256:5f77cf66e96ae734717d341c145c5949c63180842a545c47a0ce7ae52ca83795"},
    {file = "pillow-10.3.0-cp311-cp311-macosx_11_0_arm64.whl", hash = "sha256:e4b878386c4bf293578b48fc570b84ecfe477d3b77ba39a6e87150af77f40c57"},
    {file = "pillow-10.3.0-cp311-cp311-manylinux_2_17_aarch64.manylinux2014_aarch64.whl", hash = "sha256:fdcbb4068117dfd9ce0138d068ac512843c52295ed996ae6dd1faf537b6dbc27"},
    {file = "pillow-10.3.0-cp311-cp311-manylinux_2_17_x86_64.manylinux2014_x86_64.whl", hash = "sha256:9797a6c8fe16f25749b371c02e2ade0efb51155e767a971c61734b1bf6293994"},
    {file = "pillow-10.3.0-cp311-cp311-manylinux_2_28_aarch64.whl", hash = "sha256:9e91179a242bbc99be65e139e30690e081fe6cb91a8e77faf4c409653de39451"},
    {file = "pillow-10.3.0-cp311-cp311-manylinux_2_28_x86_64.whl", hash = "sha256:1b87bd9d81d179bd8ab871603bd80d8645729939f90b71e62914e816a76fc6bd"},
    {file = "pillow-10.3.0-cp311-cp311-musllinux_1_1_aarch64.whl", hash = "sha256:81d09caa7b27ef4e61cb7d8fbf1714f5aec1c6b6c5270ee53504981e6e9121ad"},
    {file = "pillow-10.3.0-cp311-cp311-musllinux_1_1_x86_64.whl", hash = "sha256:048ad577748b9fa4a99a0548c64f2cb8d672d5bf2e643a739ac8faff1164238c"},
    {file = "pillow-10.3.0-cp311-cp311-win32.whl", hash = "sha256:7161ec49ef0800947dc5570f86568a7bb36fa97dd09e9827dc02b718c5643f09"},
    {file = "pillow-10.3.0-cp311-cp311-win_amd64.whl", hash = "sha256:8eb0908e954d093b02a543dc963984d6e99ad2b5e36503d8a0aaf040505f747d"},
    {file = "pillow-10.3.0-cp311-cp311-win_arm64.whl", hash = "sha256:4e6f7d1c414191c1199f8996d3f2282b9ebea0945693fb67392c75a3a320941f"},
    {file = "pillow-10.3.0-cp312-cp312-macosx_10_10_x86_64.whl", hash = "sha256:e46f38133e5a060d46bd630faa4d9fa0202377495df1f068a8299fd78c84de84"},
    {file = "pillow-10.3.0-cp312-cp312-macosx_11_0_arm64.whl", hash = "sha256:50b8eae8f7334ec826d6eeffaeeb00e36b5e24aa0b9df322c247539714c6df19"},
    {file = "pillow-10.3.0-cp312-cp312-manylinux_2_17_aarch64.manylinux2014_aarch64.whl", hash = "sha256:9d3bea1c75f8c53ee4d505c3e67d8c158ad4df0d83170605b50b64025917f338"},
    {file = "pillow-10.3.0-cp312-cp312-manylinux_2_17_x86_64.manylinux2014_x86_64.whl", hash = "sha256:19aeb96d43902f0a783946a0a87dbdad5c84c936025b8419da0a0cd7724356b1"},
    {file = "pillow-10.3.0-cp312-cp312-manylinux_2_28_aarch64.whl", hash = "sha256:74d28c17412d9caa1066f7a31df8403ec23d5268ba46cd0ad2c50fb82ae40462"},
    {file = "pillow-10.3.0-cp312-cp312-manylinux_2_28_x86_64.whl", hash = "sha256:ff61bfd9253c3915e6d41c651d5f962da23eda633cf02262990094a18a55371a"},
    {file = "pillow-10.3.0-cp312-cp312-musllinux_1_1_aarch64.whl", hash = "sha256:d886f5d353333b4771d21267c7ecc75b710f1a73d72d03ca06df49b09015a9ef"},
    {file = "pillow-10.3.0-cp312-cp312-musllinux_1_1_x86_64.whl", hash = "sha256:4b5ec25d8b17217d635f8935dbc1b9aa5907962fae29dff220f2659487891cd3"},
    {file = "pillow-10.3.0-cp312-cp312-win32.whl", hash = "sha256:51243f1ed5161b9945011a7360e997729776f6e5d7005ba0c6879267d4c5139d"},
    {file = "pillow-10.3.0-cp312-cp312-win_amd64.whl", hash = "sha256:412444afb8c4c7a6cc11a47dade32982439925537e483be7c0ae0cf96c4f6a0b"},
    {file = "pillow-10.3.0-cp312-cp312-win_arm64.whl", hash = "sha256:798232c92e7665fe82ac085f9d8e8ca98826f8e27859d9a96b41d519ecd2e49a"},
    {file = "pillow-10.3.0-cp38-cp38-macosx_10_10_x86_64.whl", hash = "sha256:4eaa22f0d22b1a7e93ff0a596d57fdede2e550aecffb5a1ef1106aaece48e96b"},
    {file = "pillow-10.3.0-cp38-cp38-macosx_11_0_arm64.whl", hash = "sha256:cd5e14fbf22a87321b24c88669aad3a51ec052eb145315b3da3b7e3cc105b9a2"},
    {file = "pillow-10.3.0-cp38-cp38-manylinux_2_17_aarch64.manylinux2014_aarch64.whl", hash = "sha256:1530e8f3a4b965eb6a7785cf17a426c779333eb62c9a7d1bbcf3ffd5bf77a4aa"},
    {file = "pillow-10.3.0-cp38-cp38-manylinux_2_17_x86_64.manylinux2014_x86_64.whl", hash = "sha256:5d512aafa1d32efa014fa041d38868fda85028e3f930a96f85d49c7d8ddc0383"},
    {file = "pillow-10.3.0-cp38-cp38-manylinux_2_28_aarch64.whl", hash = "sha256:339894035d0ede518b16073bdc2feef4c991ee991a29774b33e515f1d308e08d"},
    {file = "pillow-10.3.0-cp38-cp38-manylinux_2_28_x86_64.whl", hash = "sha256:aa7e402ce11f0885305bfb6afb3434b3cd8f53b563ac065452d9d5654c7b86fd"},
    {file = "pillow-10.3.0-cp38-cp38-musllinux_1_1_aarch64.whl", hash = "sha256:0ea2a783a2bdf2a561808fe4a7a12e9aa3799b701ba305de596bc48b8bdfce9d"},
    {file = "pillow-10.3.0-cp38-cp38-musllinux_1_1_x86_64.whl", hash = "sha256:c78e1b00a87ce43bb37642c0812315b411e856a905d58d597750eb79802aaaa3"},
    {file = "pillow-10.3.0-cp38-cp38-win32.whl", hash = "sha256:72d622d262e463dfb7595202d229f5f3ab4b852289a1cd09650362db23b9eb0b"},
    {file = "pillow-10.3.0-cp38-cp38-win_amd64.whl", hash = "sha256:2034f6759a722da3a3dbd91a81148cf884e91d1b747992ca288ab88c1de15999"},
    {file = "pillow-10.3.0-cp39-cp39-macosx_10_10_x86_64.whl", hash = "sha256:2ed854e716a89b1afcedea551cd85f2eb2a807613752ab997b9974aaa0d56936"},
    {file = "pillow-10.3.0-cp39-cp39-macosx_11_0_arm64.whl", hash = "sha256:dc1a390a82755a8c26c9964d457d4c9cbec5405896cba94cf51f36ea0d855002"},
    {file = "pillow-10.3.0-cp39-cp39-manylinux_2_17_aarch64.manylinux2014_aarch64.whl", hash = "sha256:4203efca580f0dd6f882ca211f923168548f7ba334c189e9eab1178ab840bf60"},
    {file = "pillow-10.3.0-cp39-cp39-manylinux_2_17_x86_64.manylinux2014_x86_64.whl", hash = "sha256:3102045a10945173d38336f6e71a8dc71bcaeed55c3123ad4af82c52807b9375"},
    {file = "pillow-10.3.0-cp39-cp39-manylinux_2_28_aarch64.whl", hash = "sha256:6fb1b30043271ec92dc65f6d9f0b7a830c210b8a96423074b15c7bc999975f57"},
    {file = "pillow-10.3.0-cp39-cp39-manylinux_2_28_x86_64.whl", hash = "sha256:1dfc94946bc60ea375cc39cff0b8da6c7e5f8fcdc1d946beb8da5c216156ddd8"},
    {file = "pillow-10.3.0-cp39-cp39-musllinux_1_1_aarch64.whl", hash = "sha256:b09b86b27a064c9624d0a6c54da01c1beaf5b6cadfa609cf63789b1d08a797b9"},
    {file = "pillow-10.3.0-cp39-cp39-musllinux_1_1_x86_64.whl", hash = "sha256:d3b2348a78bc939b4fed6552abfd2e7988e0f81443ef3911a4b8498ca084f6eb"},
    {file = "pillow-10.3.0-cp39-cp39-win32.whl", hash = "sha256:45ebc7b45406febf07fef35d856f0293a92e7417ae7933207e90bf9090b70572"},
    {file = "pillow-10.3.0-cp39-cp39-win_amd64.whl", hash = "sha256:0ba26351b137ca4e0db0342d5d00d2e355eb29372c05afd544ebf47c0956ffeb"},
    {file = "pillow-10.3.0-cp39-cp39-win_arm64.whl", hash = "sha256:50fd3f6b26e3441ae07b7c979309638b72abc1a25da31a81a7fbd9495713ef4f"},
    {file = "pillow-10.3.0-pp310-pypy310_pp73-macosx_10_10_x86_64.whl", hash = "sha256:6b02471b72526ab8a18c39cb7967b72d194ec53c1fd0a70b050565a0f366d355"},
    {file = "pillow-10.3.0-pp310-pypy310_pp73-macosx_11_0_arm64.whl", hash = "sha256:8ab74c06ffdab957d7670c2a5a6e1a70181cd10b727cd788c4dd9005b6a8acd9"},
    {file = "pillow-10.3.0-pp310-pypy310_pp73-manylinux_2_17_aarch64.manylinux2014_aarch64.whl", hash = "sha256:048eeade4c33fdf7e08da40ef402e748df113fd0b4584e32c4af74fe78baaeb2"},
    {file = "pillow-10.3.0-pp310-pypy310_pp73-manylinux_2_17_x86_64.manylinux2014_x86_64.whl", hash = "sha256:9e2ec1e921fd07c7cda7962bad283acc2f2a9ccc1b971ee4b216b75fad6f0463"},
    {file = "pillow-10.3.0-pp310-pypy310_pp73-manylinux_2_28_aarch64.whl", hash = "sha256:4c8e73e99da7db1b4cad7f8d682cf6abad7844da39834c288fbfa394a47bbced"},
    {file = "pillow-10.3.0-pp310-pypy310_pp73-manylinux_2_28_x86_64.whl", hash = "sha256:16563993329b79513f59142a6b02055e10514c1a8e86dca8b48a893e33cf91e3"},
    {file = "pillow-10.3.0-pp310-pypy310_pp73-win_amd64.whl", hash = "sha256:dd78700f5788ae180b5ee8902c6aea5a5726bac7c364b202b4b3e3ba2d293170"},
    {file = "pillow-10.3.0-pp39-pypy39_pp73-macosx_10_10_x86_64.whl", hash = "sha256:aff76a55a8aa8364d25400a210a65ff59d0168e0b4285ba6bf2bd83cf675ba32"},
    {file = "pillow-10.3.0-pp39-pypy39_pp73-macosx_11_0_arm64.whl", hash = "sha256:b7bc2176354defba3edc2b9a777744462da2f8e921fbaf61e52acb95bafa9828"},
    {file = "pillow-10.3.0-pp39-pypy39_pp73-manylinux_2_17_aarch64.manylinux2014_aarch64.whl", hash = "sha256:793b4e24db2e8742ca6423d3fde8396db336698c55cd34b660663ee9e45ed37f"},
    {file = "pillow-10.3.0-pp39-pypy39_pp73-manylinux_2_17_x86_64.manylinux2014_x86_64.whl", hash = "sha256:d93480005693d247f8346bc8ee28c72a2191bdf1f6b5db469c096c0c867ac015"},
    {file = "pillow-10.3.0-pp39-pypy39_pp73-manylinux_2_28_aarch64.whl", hash = "sha256:c83341b89884e2b2e55886e8fbbf37c3fa5efd6c8907124aeb72f285ae5696e5"},
    {file = "pillow-10.3.0-pp39-pypy39_pp73-manylinux_2_28_x86_64.whl", hash = "sha256:1a1d1915db1a4fdb2754b9de292642a39a7fb28f1736699527bb649484fb966a"},
    {file = "pillow-10.3.0-pp39-pypy39_pp73-win_amd64.whl", hash = "sha256:a0eaa93d054751ee9964afa21c06247779b90440ca41d184aeb5d410f20ff591"},
    {file = "pillow-10.3.0.tar.gz", hash = "sha256:9d2455fbf44c914840c793e89aa82d0e1763a14253a000743719ae5946814b2d"},
]

[package.extras]
docs = ["furo", "olefile", "sphinx (>=2.4)", "sphinx-copybutton", "sphinx-inline-tabs", "sphinx-removed-in", "sphinxext-opengraph"]
fpx = ["olefile"]
mic = ["olefile"]
tests = ["check-manifest", "coverage", "defusedxml", "markdown2", "olefile", "packaging", "pyroma", "pytest", "pytest-cov", "pytest-timeout"]
typing = ["typing-extensions"]
xmp = ["defusedxml"]

[[package]]
name = "platformdirs"
version = "4.2.2"
description = "A small Python package for determining appropriate platform-specific dirs, e.g. a `user data dir`."
optional = false
python-versions = ">=3.8"
files = [
    {file = "platformdirs-4.2.2-py3-none-any.whl", hash = "sha256:2d7a1657e36a80ea911db832a8a6ece5ee53d8de21edd5cc5879af6530b1bfee"},
    {file = "platformdirs-4.2.2.tar.gz", hash = "sha256:38b7b51f512eed9e84a22788b4bce1de17c0adb134d6becb09836e37d8654cd3"},
]

[package.extras]
docs = ["furo (>=2023.9.10)", "proselint (>=0.13)", "sphinx (>=7.2.6)", "sphinx-autodoc-typehints (>=1.25.2)"]
test = ["appdirs (==1.4.4)", "covdefaults (>=2.3)", "pytest (>=7.4.3)", "pytest-cov (>=4.1)", "pytest-mock (>=3.12)"]
type = ["mypy (>=1.8)"]

[[package]]
name = "pluggy"
version = "1.5.0"
description = "plugin and hook calling mechanisms for python"
optional = false
python-versions = ">=3.8"
files = [
    {file = "pluggy-1.5.0-py3-none-any.whl", hash = "sha256:44e1ad92c8ca002de6377e165f3e0f1be63266ab4d554740532335b9d75ea669"},
    {file = "pluggy-1.5.0.tar.gz", hash = "sha256:2cffa88e94fdc978c4c574f15f9e59b7f4201d439195c3715ca9e2486f1d0cf1"},
]

[package.extras]
dev = ["pre-commit", "tox"]
testing = ["pytest", "pytest-benchmark"]

[[package]]
name = "pycairo"
version = "1.26.1"
description = "Python interface for cairo"
optional = false
python-versions = ">=3.8"
files = [
    {file = "pycairo-1.26.1-cp310-cp310-win32.whl", hash = "sha256:b93b9e3072826a346f1f79cb1becc403d1ba4a3971cad61d144db0fe6dcb6be8"},
    {file = "pycairo-1.26.1-cp310-cp310-win_amd64.whl", hash = "sha256:acfc76924ed668d8fea50f6cc6097b9a57ef6cd3dc3f2fa20814380d639a6dd2"},
    {file = "pycairo-1.26.1-cp310-cp310-win_arm64.whl", hash = "sha256:067191315c3b4d09cad1ec57cdb8fc1d72e2574e89389c268a94f22d4fa98b5f"},
    {file = "pycairo-1.26.1-cp311-cp311-win32.whl", hash = "sha256:56a29623aa7b4adbde5024c61ff001455b5a3def79e512742ea45ab36c3fe24b"},
    {file = "pycairo-1.26.1-cp311-cp311-win_amd64.whl", hash = "sha256:8d2889e03a095de5da9e68a589b691a3ada09d60ef18b5fc1b1b99f2a7794297"},
    {file = "pycairo-1.26.1-cp311-cp311-win_arm64.whl", hash = "sha256:7a307111de345304ed8eadd7f81ebd7fb1fc711224aa314a4e8e33af7dfa3d27"},
    {file = "pycairo-1.26.1-cp312-cp312-win32.whl", hash = "sha256:5cc1808e9e30ccd0f4d84ba7700db5aab5673f8b6b901760369ebb88a0823436"},
    {file = "pycairo-1.26.1-cp312-cp312-win_amd64.whl", hash = "sha256:36131a726f568b2dbc5e78ff50fbaa379e69db00614d46d66b1e4289caf9b1ce"},
    {file = "pycairo-1.26.1-cp312-cp312-win_arm64.whl", hash = "sha256:5577b51543ea4c283c15f436d891e9eaf6fd43fe74882adb032fba2c271f3fe9"},
    {file = "pycairo-1.26.1-cp38-cp38-win32.whl", hash = "sha256:27ec7b42c58af35dc11352881262dce4254378b0f11be0959d1c13edb4539d2c"},
    {file = "pycairo-1.26.1-cp38-cp38-win_amd64.whl", hash = "sha256:27357994d277b3fd10a45e9ef58f80a4cb5e3291fe76c5edd58d2d06335eb8e7"},
    {file = "pycairo-1.26.1-cp39-cp39-win32.whl", hash = "sha256:e68300d1c2196d1d34de3432885ae9ff78e10426fa16f765742a11c6f8fe0a71"},
    {file = "pycairo-1.26.1-cp39-cp39-win_amd64.whl", hash = "sha256:ce049930e294c29b53c68dcaab3df97cc5de7eb1d3d8e8a9f5c77e7164cd6e85"},
    {file = "pycairo-1.26.1-cp39-cp39-win_arm64.whl", hash = "sha256:22e1db531d4ed3167a98f0ea165bfa2a30df9d6eb22361c38158c031065999a4"},
    {file = "pycairo-1.26.1.tar.gz", hash = "sha256:a11b999ce55b798dbf13516ab038e0ce8b6ec299b208d7c4e767a6f7e68e8430"},
]

[[package]]
name = "pygobject"
version = "3.48.2"
description = "Python bindings for GObject Introspection"
optional = false
python-versions = "<4,>=3.8"
files = [
    {file = "pygobject-3.48.2.tar.gz", hash = "sha256:c3c0a7afbe5b2c1c64dc0530109b4dd571085153dbedfbccb8ec7c5ad233f977"},
]

[package.dependencies]
pycairo = ">=1.16"

[package.extras]
dev = ["flake8", "pytest", "pytest-cov"]
docs = ["sphinx (>=4.0,<5.0)", "sphinx-rtd-theme (>=0.5,<2.0)"]

[[package]]
name = "pyobjc-core"
version = "10.3.1"
description = "Python<->ObjC Interoperability Module"
optional = false
python-versions = ">=3.8"
files = [
    {file = "pyobjc_core-10.3.1-cp310-cp310-macosx_10_9_universal2.whl", hash = "sha256:ea46d2cda17921e417085ac6286d43ae448113158afcf39e0abe484c58fb3d78"},
    {file = "pyobjc_core-10.3.1-cp311-cp311-macosx_10_9_universal2.whl", hash = "sha256:899d3c84d2933d292c808f385dc881a140cf08632907845043a333a9d7c899f9"},
    {file = "pyobjc_core-10.3.1-cp312-cp312-macosx_10_9_universal2.whl", hash = "sha256:6ff5823d13d0a534cdc17fa4ad47cf5bee4846ce0fd27fc40012e12b46db571b"},
    {file = "pyobjc_core-10.3.1-cp313-cp313-macosx_10_13_universal2.whl", hash = "sha256:2581e8e68885bcb0e11ec619e81ef28e08ee3fac4de20d8cc83bc5af5bcf4a90"},
    {file = "pyobjc_core-10.3.1-cp38-cp38-macosx_10_9_x86_64.whl", hash = "sha256:ea98d4c2ec39ca29e62e0327db21418696161fb138ee6278daf2acbedf7ce504"},
    {file = "pyobjc_core-10.3.1-cp38-cp38-macosx_11_0_universal2.whl", hash = "sha256:4c179c26ee2123d0aabffb9dbc60324b62b6f8614fb2c2328b09386ef59ef6d8"},
    {file = "pyobjc_core-10.3.1-cp39-cp39-macosx_10_9_universal2.whl", hash = "sha256:cb901fce65c9be420c40d8a6ee6fff5ff27c6945f44fd7191989b982baa66dea"},
    {file = "pyobjc_core-10.3.1.tar.gz", hash = "sha256:b204a80ccc070f9ab3f8af423a3a25a6fd787e228508d00c4c30f8ac538ba720"},
]

[[package]]
name = "pyobjc-framework-cocoa"
version = "10.3.1"
description = "Wrappers for the Cocoa frameworks on macOS"
optional = false
python-versions = ">=3.8"
files = [
    {file = "pyobjc_framework_Cocoa-10.3.1-cp310-cp310-macosx_10_9_universal2.whl", hash = "sha256:4cb4f8491ab4d9b59f5187e42383f819f7a46306a4fa25b84f126776305291d1"},
    {file = "pyobjc_framework_Cocoa-10.3.1-cp311-cp311-macosx_10_9_universal2.whl", hash = "sha256:5f31021f4f8fdf873b57a97ee1f3c1620dbe285e0b4eaed73dd0005eb72fd773"},
    {file = "pyobjc_framework_Cocoa-10.3.1-cp312-cp312-macosx_10_9_universal2.whl", hash = "sha256:11b4e0bad4bbb44a4edda128612f03cdeab38644bbf174de0c13129715497296"},
    {file = "pyobjc_framework_Cocoa-10.3.1-cp313-cp313-macosx_10_13_universal2.whl", hash = "sha256:de5e62e5ccf2871a94acf3bf79646b20ea893cc9db78afa8d1fe1b0d0f7cbdb0"},
    {file = "pyobjc_framework_Cocoa-10.3.1-cp38-cp38-macosx_10_9_x86_64.whl", hash = "sha256:6c5af24610ab639bd1f521ce4500484b40787f898f691b7a23da3339e6bc8b90"},
    {file = "pyobjc_framework_Cocoa-10.3.1-cp38-cp38-macosx_11_0_universal2.whl", hash = "sha256:a7151186bb7805deea434fae9a4423335e6371d105f29e73cc2036c6779a9dbc"},
    {file = "pyobjc_framework_Cocoa-10.3.1-cp39-cp39-macosx_10_9_universal2.whl", hash = "sha256:743d2a1ac08027fd09eab65814c79002a1d0421d7c0074ffd1217b6560889744"},
    {file = "pyobjc_framework_cocoa-10.3.1.tar.gz", hash = "sha256:1cf20714daaa986b488fb62d69713049f635c9d41a60c8da97d835710445281a"},
]

[package.dependencies]
pyobjc-core = ">=10.3.1"

[[package]]
name = "pyobjc-framework-quartz"
version = "10.3.1"
description = "Wrappers for the Quartz frameworks on macOS"
optional = false
python-versions = ">=3.8"
files = [
    {file = "pyobjc_framework_Quartz-10.3.1-cp310-cp310-macosx_10_9_universal2.whl", hash = "sha256:5ef4fd315ed2bc42ef77fdeb2bae28a88ec986bd7b8079a87ba3b3475348f96e"},
    {file = "pyobjc_framework_Quartz-10.3.1-cp311-cp311-macosx_10_9_universal2.whl", hash = "sha256:96578d4a3e70164efe44ad7dc320ecd4e211758ffcde5dcd694de1bbdfe090a4"},
    {file = "pyobjc_framework_Quartz-10.3.1-cp312-cp312-macosx_10_9_universal2.whl", hash = "sha256:ca35f92486869a41847a1703bb176aab8a53dbfd8e678d1f4d68d8e6e1581c71"},
    {file = "pyobjc_framework_Quartz-10.3.1-cp313-cp313-macosx_10_13_universal2.whl", hash = "sha256:00a0933267e3a46ea4afcc35d117b2efb920f06de797fa66279c52e7057e3590"},
    {file = "pyobjc_framework_Quartz-10.3.1-cp38-cp38-macosx_10_9_x86_64.whl", hash = "sha256:a161bedb4c5257a02ad56a910cd7eefb28bdb0ea78607df0d70ed4efe4ea54c1"},
    {file = "pyobjc_framework_Quartz-10.3.1-cp38-cp38-macosx_11_0_universal2.whl", hash = "sha256:d7a8028e117a94923a511944bfa9daf9744e212f06cf89010c60934a479863a5"},
    {file = "pyobjc_framework_Quartz-10.3.1-cp39-cp39-macosx_10_9_universal2.whl", hash = "sha256:de00c983b3267eb26fa42c6ed9f15e2bf006bde8afa7fe2b390646aa21a5d6fc"},
    {file = "pyobjc_framework_quartz-10.3.1.tar.gz", hash = "sha256:b6d7e346d735c9a7f147cd78e6da79eeae416a0b7d3874644c83a23786c6f886"},
]

[package.dependencies]
pyobjc-core = ">=10.3.1"
pyobjc-framework-Cocoa = ">=10.3.1"

[[package]]
name = "pystray"
version = "0.19.5"
description = "Provides systray integration"
optional = false
python-versions = "*"
files = [
    {file = "pystray-0.19.5-py2.py3-none-any.whl", hash = "sha256:a0c2229d02cf87207297c22d86ffc57c86c227517b038c0d3c59df79295ac617"},
]

[package.dependencies]
Pillow = "*"
pyobjc-framework-Quartz = {version = ">=7.0", markers = "sys_platform == \"darwin\""}
python-xlib = {version = ">=0.17", markers = "sys_platform == \"linux\""}
six = "*"

[[package]]
name = "pytest"
version = "8.2.2"
description = "pytest: simple powerful testing with Python"
optional = false
python-versions = ">=3.8"
files = [
    {file = "pytest-8.2.2-py3-none-any.whl", hash = "sha256:c434598117762e2bd304e526244f67bf66bbd7b5d6cf22138be51ff661980343"},
    {file = "pytest-8.2.2.tar.gz", hash = "sha256:de4bb8104e201939ccdc688b27a89a7be2079b22e2bd2b07f806b6ba71117977"},
]

[package.dependencies]
colorama = {version = "*", markers = "sys_platform == \"win32\""}
exceptiongroup = {version = ">=1.0.0rc8", markers = "python_version < \"3.11\""}
iniconfig = "*"
packaging = "*"
pluggy = ">=1.5,<2.0"
tomli = {version = ">=1", markers = "python_version < \"3.11\""}

[package.extras]
dev = ["argcomplete", "attrs (>=19.2)", "hypothesis (>=3.56)", "mock", "pygments (>=2.7.2)", "requests", "setuptools", "xmlschema"]

[[package]]
name = "python-xlib"
version = "0.33"
description = "Python X Library"
optional = false
python-versions = "*"
files = [
    {file = "python-xlib-0.33.tar.gz", hash = "sha256:55af7906a2c75ce6cb280a584776080602444f75815a7aff4d287bb2d7018b32"},
    {file = "python_xlib-0.33-py2.py3-none-any.whl", hash = "sha256:c3534038d42e0df2f1392a1b30a15a4ff5fdc2b86cfa94f072bf11b10a164398"},
]

[package.dependencies]
six = ">=1.10.0"

[[package]]
name = "six"
version = "1.16.0"
description = "Python 2 and 3 compatibility utilities"
optional = false
python-versions = ">=2.7, !=3.0.*, !=3.1.*, !=3.2.*"
files = [
    {file = "six-1.16.0-py2.py3-none-any.whl", hash = "sha256:8abb2f1d86890a2dfb989f9a77cfcfd3e47c2a354b01111771326f8aa26e0254"},
    {file = "six-1.16.0.tar.gz", hash = "sha256:1e61c37477a1626458e36f7b1d82aa5c9b094fa4802892072e49de9c60c4c926"},
]

[[package]]
name = "tomli"
version = "2.0.1"
description = "A lil' TOML parser"
optional = false
python-versions = ">=3.7"
files = [
    {file = "tomli-2.0.1-py3-none-any.whl", hash = "sha256:939de3e7a6161af0c887ef91b7d41a53e7c5a1ca976325f429cb46ea9bc30ecc"},
    {file = "tomli-2.0.1.tar.gz", hash = "sha256:de526c12914f0c550d15924c62d72abc48d6fe7364aa87328337a31007fe8a4f"},
]

[[package]]
name = "typing-extensions"
version = "4.12.2"
description = "Backported and Experimental Type Hints for Python 3.8+"
optional = false
python-versions = ">=3.8"
files = [
    {file = "typing_extensions-4.12.2-py3-none-any.whl", hash = "sha256:04e5ca0351e0f3f85c6853954072df659d0d13fac324d0072316b67d7794700d"},
    {file = "typing_extensions-4.12.2.tar.gz", hash = "sha256:1a7ead55c7e559dd4dee8856e3a88b41225abfe1ce8df57b7c13915fe121ffb8"},
]

[metadata]
lock-version = "2.0"
python-versions = "^3.9"
content-hash = "8d3be1b2c3465b0edfa0f9572d935eb65c9c1bd08abd1f47272609d7d536ab84"
